
Microsoft Visual Studio Solution File, Format Version 12.00
# Visual Studio Version 17
VisualStudioVersion = 17.3.32929.385
MinimumVisualStudioVersion = 10.0.40219.1
Project("{FAE04EC0-301F-11D3-BF4B-00C04F79EFBC}") = "UI", "UI\UI.csproj", "{71F71BB6-90CC-4DB5-A043-1CC96CC3CAD5}"
	ProjectSection(ProjectDependencies) = postProject
		{0160DEDE-A06C-4D0C-BFD0-3CB1CF236715} = {0160DEDE-A06C-4D0C-BFD0-3CB1CF236715}
	EndProjectSection
EndProject
Project("{FAE04EC0-301F-11D3-BF4B-00C04F79EFBC}") = "Data", "Data\Data.csproj", "{0160DEDE-A06C-4D0C-BFD0-3CB1CF236715}"
EndProject
Global
	GlobalSection(SolutionConfigurationPlatforms) = preSolution
		Debug|Any CPU = Debug|Any CPU
		Release|Any CPU = Release|Any CPU
	EndGlobalSection
	GlobalSection(ProjectConfigurationPlatforms) = postSolution
		{71F71BB6-90CC-4DB5-A043-1CC96CC3CAD5}.Debug|Any CPU.ActiveCfg = Debug|Any CPU
		{71F71BB6-90CC-4DB5-A043-1CC96CC3CAD5}.Debug|Any CPU.Build.0 = Debug|Any CPU
		{71F71BB6-90CC-4DB5-A043-1CC96CC3CAD5}.Release|Any CPU.ActiveCfg = Release|Any CPU
		{71F71BB6-90CC-4DB5-A043-1CC96CC3CAD5}.Release|Any CPU.Build.0 = Release|Any CPU
		{0160DEDE-A06C-4D0C-BFD0-3CB1CF236715}.Debug|Any CPU.ActiveCfg = Debug|Any CPU
		{0160DEDE-A06C-4D0C-BFD0-3CB1CF236715}.Debug|Any CPU.Build.0 = Debug|Any CPU
		{0160DEDE-A06C-4D0C-BFD0-3CB1CF236715}.Release|Any CPU.ActiveCfg = Release|Any CPU
		{0160DEDE-A06C-4D0C-BFD0-3CB1CF236715}.Release|Any CPU.Build.0 = Release|Any CPU
	EndGlobalSection
	GlobalSection(SolutionProperties) = preSolution
		HideSolutionNode = FALSE
	EndGlobalSection
	GlobalSection(ExtensibilityGlobals) = postSolution
		SolutionGuid = {85BFA7D3-DA27-43AD-97A8-2F40730FF05A}
	EndGlobalSection
EndGlobal
